
Microsoft Visual Studio Solution File, Format Version 12.00
# Visual Studio Version 16
VisualStudioVersion = 16.0.32901.82
MinimumVisualStudioVersion = 10.0.40219.1
Project("{FAE04EC0-301F-11D3-BF4B-00C04F79EFBC}") = "WpfApp73", "WpfApp73.csproj", "{66CEA574-F6F4-4DB4-96B3-8F05F4B25A98}"
EndProject
Global
	GlobalSection(SolutionConfigurationPlatforms) = preSolution
		Debug|Any CPU = Debug|Any CPU
		Release|Any CPU = Release|Any CPU
	EndGlobalSection
	GlobalSection(ProjectConfigurationPlatforms) = postSolution
		{66CEA574-F6F4-4DB4-96B3-8F05F4B25A98}.Debug|Any CPU.ActiveCfg = Debug|Any CPU
		{66CEA574-F6F4-4DB4-96B3-8F05F4B25A98}.Debug|Any CPU.Build.0 = Debug|Any CPU
		{66CEA574-F6F4-4DB4-96B3-8F05F4B25A98}.Release|Any CPU.ActiveCfg = Release|Any CPU
		{66CEA574-F6F4-4DB4-96B3-8F05F4B25A98}.Release|Any CPU.Build.0 = Release|Any CPU
	EndGlobalSection
	GlobalSection(SolutionProperties) = preSolution
		HideSolutionNode = FALSE
	EndGlobalSection
	GlobalSection(ExtensibilityGlobals) = postSolution
		SolutionGuid = {1EFE71A5-0C93-4E75-86CE-3488B96A1AE1}
	EndGlobalSection
EndGlobal
